PODS:
  - Alamofire (5.4.4)
  - SnapKit (5.0.1)

DEPENDENCIES:
  - Alamofire
  - SnapKit (~> 5.0.0)

SPEC REPOS:
  trunk:
    - Alamofire
    - SnapKit

SPEC CHECKSUMS:
  Alamofire: f3b09a368f1582ab751b3fff5460276e0d2cf5c9
  SnapKit: 97b92857e3df3a0c71833cce143274bf6ef8e5eb

PODFILE CHECKSUM: ea96ace2e021d18a740bd89d5b647d1e2c7de0bc

COCOAPODS: 1.11.2
