// !$*UTF8*$!
{
	archiveVersion = 1;
	classes = {
	};
	objectVersion = 55;
	objects = {

/* Begin PBXBuildFile section */
		22F93723B7EFCB064F389CE8 /* Pods_CurrencyCalc.framework in Frameworks */ = {isa = PBXBuildFile; fileRef = 19245E1CDF7EE2A7E6808887 /* Pods_CurrencyCalc.framework */; };
		F51B997827A5ADDD0008F18A /* AppDelegate.swift in Sources */ = {isa = PBXBuildFile; fileRef = F51B997727A5ADDD0008F18A /* AppDelegate.swift */; };
		F51B997A27A5ADDD0008F18A /* SceneDelegate.swift in Sources */ = {isa = PBXBuildFile; fileRef = F51B997927A5ADDD0008F18A /* SceneDelegate.swift */; };
		F51B998127A5ADDF0008F18A /* Assets.xcassets in Resources */ = {isa = PBXBuildFile; fileRef = F51B998027A5ADDF0008F18A /* Assets.xcassets */; };
		F51B998427A5ADDF0008F18A /* LaunchScreen.storyboard in Resources */ = {isa = PBXBuildFile; fileRef = F51B998227A5ADDF0008F18A /* LaunchScreen.storyboard */; };
		F51B998C27A5AEEE0008F18A /* ConverterViewController.swift in Sources */ = {isa = PBXBuildFile; fileRef = F51B998B27A5AEEE0008F18A /* ConverterViewController.swift */; };
		F51B999627A5B03C0008F18A /* ValutesTableViewController.swift in Sources */ = {isa = PBXBuildFile; fileRef = F51B999527A5B03C0008F18A /* ValutesTableViewController.swift */; };
		F51B999827A5B0480008F18A /* CoursesTableViewController.swift in Sources */ = {isa = PBXBuildFile; fileRef = F51B999727A5B0480008F18A /* CoursesTableViewController.swift */; };
		F51B999A27A5BB610008F18A /* CourseTableViewCell.swift in Sources */ = {isa = PBXBuildFile; fileRef = F51B999927A5BB610008F18A /* CourseTableViewCell.swift */; };
		F51B999C27A5C4BB0008F18A /* ValuteData.swift in Sources */ = {isa = PBXBuildFile; fileRef = F51B999B27A5C4BB0008F18A /* ValuteData.swift */; };
		F51B999E27A5C4E70008F18A /* Valute.swift in Sources */ = {isa = PBXBuildFile; fileRef = F51B999D27A5C4E70008F18A /* Valute.swift */; };
		F51B99A027A5C5320008F18A /* NetworkManager.swift in Sources */ = {isa = PBXBuildFile; fileRef = F51B999F27A5C5320008F18A /* NetworkManager.swift */; };
		F56B5B1527B289A200ACD674 /* AppConstant.swift in Sources */ = {isa = PBXBuildFile; fileRef = F56B5B1427B289A200ACD674 /* AppConstant.swift */; };
		F56B5B1727B2941900ACD674 /* MainTabBarController.swift in Sources */ = {isa = PBXBuildFile; fileRef = F56B5B1627B2941900ACD674 /* MainTabBarController.swift */; };
		F5817F9C27BBB308006D74E0 /* UIColor extensinon.swift in Sources */ = {isa = PBXBuildFile; fileRef = F5817F9B27BBB308006D74E0 /* UIColor extensinon.swift */; };
		F58892C327A841F9009A71E1 /* DataManager.swift in Sources */ = {isa = PBXBuildFile; fileRef = F58892C227A841F9009A71E1 /* DataManager.swift */; };
/* End PBXBuildFile section */

/* Begin PBXFileReference section */
		0E0C8235253FDE47CE7A4DE9 /* Pods-CurrencyCalc.release.xcconfig */ = {isa = PBXFileReference; includeInIndex = 1; lastKnownFileType = text.xcconfig; name = "Pods-CurrencyCalc.release.xcconfig"; path = "Target Support Files/Pods-CurrencyCalc/Pods-CurrencyCalc.release.xcconfig"; sourceTree = "<group>"; };
		19245E1CDF7EE2A7E6808887 /* Pods_CurrencyCalc.framework */ = {isa = PBXFileReference; explicitFileType = wrapper.framework; includeInIndex = 0; path = Pods_CurrencyCalc.framework; sourceTree = BUILT_PRODUCTS_DIR; };
		CF3EA28DAC3B0E65F4DD55D6 /* Pods-CurrencyCalc.debug.xcconfig */ = {isa = PBXFileReference; includeInIndex = 1; lastKnownFileType = text.xcconfig; name = "Pods-CurrencyCalc.debug.xcconfig"; path = "Target Support Files/Pods-CurrencyCalc/Pods-CurrencyCalc.debug.xcconfig"; sourceTree = "<group>"; };
		F51B997427A5ADDD0008F18A /* CurrencyCalc.app */ = {isa = PBXFileReference; explicitFileType = wrapper.application; includeInIndex = 0; path = CurrencyCalc.app; sourceTree = BUILT_PRODUCTS_DIR; };
		F51B997727A5ADDD0008F18A /* AppDelegate.swift */ = {isa = PBXFileReference; lastKnownFileType = sourcecode.swift; path = AppDelegate.swift; sourceTree = "<group>"; };
		F51B997927A5ADDD0008F18A /* SceneDelegate.swift */ = {isa = PBXFileReference; lastKnownFileType = sourcecode.swift; path = SceneDelegate.swift; sourceTree = "<group>"; };
		F51B998027A5ADDF0008F18A /* Assets.xcassets */ = {isa = PBXFileReference; lastKnownFileType = folder.assetcatalog; path = Assets.xcassets; sourceTree = "<group>"; };
		F51B998327A5ADDF0008F18A /* Base */ = {isa = PBXFileReference; lastKnownFileType = file.storyboard; name = Base; path = Base.lproj/LaunchScreen.storyboard; sourceTree = "<group>"; };
		F51B998527A5ADDF0008F18A /* Info.plist */ = {isa = PBXFileReference; lastKnownFileType = text.plist.xml; path = Info.plist; sourceTree = "<group>"; };
		F51B998B27A5AEEE0008F18A /* ConverterViewController.swift */ = {isa = PBXFileReference; lastKnownFileType = sourcecode.swift; path = ConverterViewController.swift; sourceTree = "<group>"; };
		F51B999527A5B03C0008F18A /* ValutesTableViewController.swift */ = {isa = PBXFileReference; lastKnownFileType = sourcecode.swift; path = ValutesTableViewController.swift; sourceTree = "<group>"; };
		F51B999727A5B0480008F18A /* CoursesTableViewController.swift */ = {isa = PBXFileReference; lastKnownFileType = sourcecode.swift; path = CoursesTableViewController.swift; sourceTree = "<group>"; };
		F51B999927A5BB610008F18A /* CourseTableViewCell.swift */ = {isa = PBXFileReference; lastKnownFileType = sourcecode.swift; path = CourseTableViewCell.swift; sourceTree = "<group>"; };
		F51B999B27A5C4BB0008F18A /* ValuteData.swift */ = {isa = PBXFileReference; lastKnownFileType = sourcecode.swift; path = ValuteData.swift; sourceTree = "<group>"; };
		F51B999D27A5C4E70008F18A /* Valute.swift */ = {isa = PBXFileReference; lastKnownFileType = sourcecode.swift; path = Valute.swift; sourceTree = "<group>"; };
		F51B999F27A5C5320008F18A /* NetworkManager.swift */ = {isa = PBXFileReference; lastKnownFileType = sourcecode.swift; path = NetworkManager.swift; sourceTree = "<group>"; };
		F56B5B1427B289A200ACD674 /* AppConstant.swift */ = {isa = PBXFileReference; lastKnownFileType = sourcecode.swift; path = AppConstant.swift; sourceTree = "<group>"; };
		F56B5B1627B2941900ACD674 /* MainTabBarController.swift */ = {isa = PBXFileReference; lastKnownFileType = sourcecode.swift; path = MainTabBarController.swift; sourceTree = "<group>"; };
		F5817F9B27BBB308006D74E0 /* UIColor extensinon.swift */ = {isa = PBXFileReference; lastKnownFileType = sourcecode.swift; path = "UIColor extensinon.swift"; sourceTree = "<group>"; };
		F58892C227A841F9009A71E1 /* DataManager.swift */ = {isa = PBXFileReference; lastKnownFileType = sourcecode.swift; path = DataManager.swift; sourceTree = "<group>"; };
/* End PBXFileReference section */

/* Begin PBXFrameworksBuildPhase section */
		F51B997127A5ADDD0008F18A /* Frameworks */ = {
			isa = PBXFrameworksBuildPhase;
			buildActionMask = 2147483647;
			files = (
				22F93723B7EFCB064F389CE8 /* Pods_CurrencyCalc.framework in Frameworks */,
			);
			runOnlyForDeploymentPostprocessing = 0;
		};
/* End PBXFrameworksBuildPhase section */

/* Begin PBXGroup section */
		CAA8546C0E90B9B4414C65BA /* Frameworks */ = {
			isa = PBXGroup;
			children = (
				19245E1CDF7EE2A7E6808887 /* Pods_CurrencyCalc.framework */,
			);
			name = Frameworks;
			sourceTree = "<group>";
		};
		F51B996B27A5ADDD0008F18A = {
			isa = PBXGroup;
			children = (
				F51B997627A5ADDD0008F18A /* CurrencyCalc */,
				F51B997527A5ADDD0008F18A /* Products */,
				F94758E0CA962EA6AF056C3B /* Pods */,
				CAA8546C0E90B9B4414C65BA /* Frameworks */,
			);
			sourceTree = "<group>";
		};
		F51B997527A5ADDD0008F18A /* Products */ = {
			isa = PBXGroup;
			children = (
				F51B997427A5ADDD0008F18A /* CurrencyCalc.app */,
			);
			name = Products;
			sourceTree = "<group>";
		};
		F51B997627A5ADDD0008F18A /* CurrencyCalc */ = {
			isa = PBXGroup;
			children = (
				F56B5B1327B2898F00ACD674 /* Helpers */,
				F51B999227A5AF320008F18A /* Network */,
				F51B999127A5AF290008F18A /* Model */,
				F51B999427A5AF5F0008F18A /* View */,
				F51B998F27A5AF160008F18A /* Controllers */,
				F51B999327A5AF420008F18A /* Supporting Files */,
			);
			path = CurrencyCalc;
			sourceTree = "<group>";
		};
		F51B998F27A5AF160008F18A /* Controllers */ = {
			isa = PBXGroup;
			children = (
				F51B998B27A5AEEE0008F18A /* ConverterViewController.swift */,
				F51B999527A5B03C0008F18A /* ValutesTableViewController.swift */,
				F51B999727A5B0480008F18A /* CoursesTableViewController.swift */,
				F56B5B1627B2941900ACD674 /* MainTabBarController.swift */,
			);
			path = Controllers;
			sourceTree = "<group>";
		};
		F51B999127A5AF290008F18A /* Model */ = {
			isa = PBXGroup;
			children = (
				F51B999B27A5C4BB0008F18A /* ValuteData.swift */,
				F51B999D27A5C4E70008F18A /* Valute.swift */,
				F58892C227A841F9009A71E1 /* DataManager.swift */,
			);
			path = Model;
			sourceTree = "<group>";
		};
		F51B999227A5AF320008F18A /* Network */ = {
			isa = PBXGroup;
			children = (
				F51B999F27A5C5320008F18A /* NetworkManager.swift */,
			);
			path = Network;
			sourceTree = "<group>";
		};
		F51B999327A5AF420008F18A /* Supporting Files */ = {
			isa = PBXGroup;
			children = (
				F51B997727A5ADDD0008F18A /* AppDelegate.swift */,
				F51B997927A5ADDD0008F18A /* SceneDelegate.swift */,
				F51B998527A5ADDF0008F18A /* Info.plist */,
				F51B998027A5ADDF0008F18A /* Assets.xcassets */,
			);
			path = "Supporting Files";
			sourceTree = "<group>";
		};
		F51B999427A5AF5F0008F18A /* View */ = {
			isa = PBXGroup;
			children = (
				F51B998227A5ADDF0008F18A /* LaunchScreen.storyboard */,
				F51B999927A5BB610008F18A /* CourseTableViewCell.swift */,
			);
			path = View;
			sourceTree = "<group>";
		};
		F56B5B1327B2898F00ACD674 /* Helpers */ = {
			isa = PBXGroup;
			children = (
				F56B5B1427B289A200ACD674 /* AppConstant.swift */,
				F5817F9B27BBB308006D74E0 /* UIColor extensinon.swift */,
			);
			path = Helpers;
			sourceTree = "<group>";
		};
		F94758E0CA962EA6AF056C3B /* Pods */ = {
			isa = PBXGroup;
			children = (
				CF3EA28DAC3B0E65F4DD55D6 /* Pods-CurrencyCalc.debug.xcconfig */,
				0E0C8235253FDE47CE7A4DE9 /* Pods-CurrencyCalc.release.xcconfig */,
			);
			path = Pods;
			sourceTree = "<group>";
		};
/* End PBXGroup section */

/* Begin PBXNativeTarget section */
		F51B997327A5ADDD0008F18A /* CurrencyCalc */ = {
			isa = PBXNativeTarget;
			buildConfigurationList = F51B998827A5ADDF0008F18A /* Build configuration list for PBXNativeTarget "CurrencyCalc" */;
			buildPhases = (
				913AAB3D8CB38D10EA66D735 /* [CP] Check Pods Manifest.lock */,
				F51B997027A5ADDD0008F18A /* Sources */,
				F51B997127A5ADDD0008F18A /* Frameworks */,
				F51B997227A5ADDD0008F18A /* Resources */,
				8CDF233DEB742BD089F285FA /* [CP] Embed Pods Frameworks */,
			);
			buildRules = (
			);
			dependencies = (
			);
			name = CurrencyCalc;
			productName = CurrencyCalc;
			productReference = F51B997427A5ADDD0008F18A /* CurrencyCalc.app */;
			productType = "com.apple.product-type.application";
		};
/* End PBXNativeTarget section */

/* Begin PBXProject section */
		F51B996C27A5ADDD0008F18A /* Project object */ = {
			isa = PBXProject;
			attributes = {
				BuildIndependentTargetsInParallel = 1;
				LastSwiftUpdateCheck = 1320;
				LastUpgradeCheck = 1320;
				TargetAttributes = {
					F51B997327A5ADDD0008F18A = {
						CreatedOnToolsVersion = 13.2.1;
					};
				};
			};
			buildConfigurationList = F51B996F27A5ADDD0008F18A /* Build configuration list for PBXProject "CurrencyCalc" */;
			compatibilityVersion = "Xcode 13.0";
			developmentRegion = en;
			hasScannedForEncodings = 0;
			knownRegions = (
				en,
				Base,
			);
			mainGroup = F51B996B27A5ADDD0008F18A;
			productRefGroup = F51B997527A5ADDD0008F18A /* Products */;
			projectDirPath = "";
			projectRoot = "";
			targets = (
				F51B997327A5ADDD0008F18A /* CurrencyCalc */,
			);
		};
/* End PBXProject section */

/* Begin PBXResourcesBuildPhase section */
		F51B997227A5ADDD0008F18A /* Resources */ = {
			isa = PBXResourcesBuildPhase;
			buildActionMask = 2147483647;
			files = (
				F51B998427A5ADDF0008F18A /* LaunchScreen.storyboard in Resources */,
				F51B998127A5ADDF0008F18A /* Assets.xcassets in Resources */,
			);
			runOnlyForDeploymentPostprocessing = 0;
		};
/* End PBXResourcesBuildPhase section */

/* Begin PBXShellScriptBuildPhase section */
		8CDF233DEB742BD089F285FA /* [CP] Embed Pods Frameworks */ = {
			isa = PBXShellScriptBuildPhase;
			buildActionMask = 2147483647;
			files = (
			);
			inputFileListPaths = (
				"${PODS_ROOT}/Target Support Files/Pods-CurrencyCalc/Pods-CurrencyCalc-frameworks-${CONFIGURATION}-input-files.xcfilelist",
			);
			name = "[CP] Embed Pods Frameworks";
			outputFileListPaths = (
				"${PODS_ROOT}/Target Support Files/Pods-CurrencyCalc/Pods-CurrencyCalc-frameworks-${CONFIGURATION}-output-files.xcfilelist",
			);
			runOnlyForDeploymentPostprocessing = 0;
			shellPath = /bin/sh;
			shellScript = "\"${PODS_ROOT}/Target Support Files/Pods-CurrencyCalc/Pods-CurrencyCalc-frameworks.sh\"\n";
			showEnvVarsInLog = 0;
		};
		913AAB3D8CB38D10EA66D735 /* [CP] Check Pods Manifest.lock */ = {
			isa = PBXShellScriptBuildPhase;
			buildActionMask = 2147483647;
			files = (
			);
			inputFileListPaths = (
			);
			inputPaths = (
				"${PODS_PODFILE_DIR_PATH}/Podfile.lock",
				"${PODS_ROOT}/Manifest.lock",
			);
			name = "[CP] Check Pods Manifest.lock";
			outputFileListPaths = (
			);
			outputPaths = (
				"$(DERIVED_FILE_DIR)/Pods-CurrencyCalc-checkManifestLockResult.txt",
			);
			runOnlyForDeploymentPostprocessing = 0;
			shellPath = /bin/sh;
			shellScript = "diff \"${PODS_PODFILE_DIR_PATH}/Podfile.lock\" \"${PODS_ROOT}/Manifest.lock\" > /dev/null\nif [ $? != 0 ] ; then\n    # print error to STDERR\n    echo \"error: The sandbox is not in sync with the Podfile.lock. Run 'pod install' or update your CocoaPods installation.\" >&2\n    exit 1\nfi\n# This output is used by Xcode 'outputs' to avoid re-running this script phase.\necho \"SUCCESS\" > \"${SCRIPT_OUTPUT_FILE_0}\"\n";
			showEnvVarsInLog = 0;
		};
/* End PBXShellScriptBuildPhase section */

/* Begin PBXSourcesBuildPhase section */
		F51B997027A5ADDD0008F18A /* Sources */ = {
			isa = PBXSourcesBuildPhase;
			buildActionMask = 2147483647;
			files = (
				F51B99A027A5C5320008F18A /* NetworkManager.swift in Sources */,
				F58892C327A841F9009A71E1 /* DataManager.swift in Sources */,
				F56B5B1727B2941900ACD674 /* MainTabBarController.swift in Sources */,
				F5817F9C27BBB308006D74E0 /* UIColor extensinon.swift in Sources */,
				F51B999E27A5C4E70008F18A /* Valute.swift in Sources */,
				F51B999627A5B03C0008F18A /* ValutesTableViewController.swift in Sources */,
				F51B999827A5B0480008F18A /* CoursesTableViewController.swift in Sources */,
				F51B999C27A5C4BB0008F18A /* ValuteData.swift in Sources */,
				F51B999A27A5BB610008F18A /* CourseTableViewCell.swift in Sources */,
				F51B997827A5ADDD0008F18A /* AppDelegate.swift in Sources */,
				F51B997A27A5ADDD0008F18A /* SceneDelegate.swift in Sources */,
				F56B5B1527B289A200ACD674 /* AppConstant.swift in Sources */,
				F51B998C27A5AEEE0008F18A /* ConverterViewController.swift in Sources */,
			);
			runOnlyForDeploymentPostprocessing = 0;
		};
/* End PBXSourcesBuildPhase section */

/* Begin PBXVariantGroup section */
		F51B998227A5ADDF0008F18A /* LaunchScreen.storyboard */ = {
			isa = PBXVariantGroup;
			children = (
				F51B998327A5ADDF0008F18A /* Base */,
			);
			name = LaunchScreen.storyboard;
			sourceTree = "<group>";
		};
/* End PBXVariantGroup section */

/* Begin XCBuildConfiguration section */
		F51B998627A5ADDF0008F18A /* Debug */ = {
			isa = XCBuildConfiguration;
			buildSettings = {
				ALWAYS_SEARCH_USER_PATHS = NO;
				CLANG_ANALYZER_NONNULL = YES;
				CLANG_ANALYZER_NUMBER_OBJECT_CONVERSION = YES_AGGRESSIVE;
				CLANG_CXX_LANGUAGE_STANDARD = "gnu++17";
				CLANG_CXX_LIBRARY = "libc++";
				CLANG_ENABLE_MODULES = YES;
				CLANG_ENABLE_OBJC_ARC = YES;
				CLANG_ENABLE_OBJC_WEAK = YES;
				CLANG_WARN_BLOCK_CAPTURE_AUTORELEASING = YES;
				CLANG_WARN_BOOL_CONVERSION = YES;
				CLANG_WARN_COMMA = YES;
				CLANG_WARN_CONSTANT_CONVERSION = YES;
				CLANG_WARN_DEPRECATED_OBJC_IMPLEMENTATIONS = YES;
				CLANG_WARN_DIRECT_OBJC_ISA_USAGE = YES_ERROR;
				CLANG_WARN_DOCUMENTATION_COMMENTS = YES;
				CLANG_WARN_EMPTY_BODY = YES;
				CLANG_WARN_ENUM_CONVERSION = YES;
				CLANG_WARN_INFINITE_RECURSION = YES;
				CLANG_WARN_INT_CONVERSION = YES;
				CLANG_WARN_NON_LITERAL_NULL_CONVERSION = YES;
				CLANG_WARN_OBJC_IMPLICIT_RETAIN_SELF = YES;
				CLANG_WARN_OBJC_LITERAL_CONVERSION = YES;
				CLANG_WARN_OBJC_ROOT_CLASS = YES_ERROR;
				CLANG_WARN_QUOTED_INCLUDE_IN_FRAMEWORK_HEADER = YES;
				CLANG_WARN_RANGE_LOOP_ANALYSIS = YES;
				CLANG_WARN_STRICT_PROTOTYPES = YES;
				CLANG_WARN_SUSPICIOUS_MOVE = YES;
				CLANG_WARN_UNGUARDED_AVAILABILITY = YES_AGGRESSIVE;
				CLANG_WARN_UNREACHABLE_CODE = YES;
				CLANG_WARN__DUPLICATE_METHOD_MATCH = YES;
				COPY_PHASE_STRIP = NO;
				DEBUG_INFORMATION_FORMAT = dwarf;
				ENABLE_STRICT_OBJC_MSGSEND = YES;
				ENABLE_TESTABILITY = YES;
				GCC_C_LANGUAGE_STANDARD = gnu11;
				GCC_DYNAMIC_NO_PIC = NO;
				GCC_NO_COMMON_BLOCKS = YES;
				GCC_OPTIMIZATION_LEVEL = 0;
				GCC_PREPROCESSOR_DEFINITIONS = (
					"DEBUG=1",
					"$(inherited)",
				);
				GCC_WARN_64_TO_32_BIT_CONVERSION = YES;
				GCC_WARN_ABOUT_RETURN_TYPE = YES_ERROR;
				GCC_WARN_UNDECLARED_SELECTOR = YES;
				GCC_WARN_UNINITIALIZED_AUTOS = YES_AGGRESSIVE;
				GCC_WARN_UNUSED_FUNCTION = YES;
				GCC_WARN_UNUSED_VARIABLE = YES;
				IPHONEOS_DEPLOYMENT_TARGET = 15.2;
				MTL_ENABLE_DEBUG_INFO = INCLUDE_SOURCE;
				MTL_FAST_MATH = YES;
				ONLY_ACTIVE_ARCH = YES;
				SDKROOT = iphoneos;
				SWIFT_ACTIVE_COMPILATION_CONDITIONS = DEBUG;
				SWIFT_OPTIMIZATION_LEVEL = "-Onone";
			};
			name = Debug;
		};
		F51B998727A5ADDF0008F18A /* Release */ = {
			isa = XCBuildConfiguration;
			buildSettings = {
				ALWAYS_SEARCH_USER_PATHS = NO;
				CLANG_ANALYZER_NONNULL = YES;
				CLANG_ANALYZER_NUMBER_OBJECT_CONVERSION = YES_AGGRESSIVE;
				CLANG_CXX_LANGUAGE_STANDARD = "gnu++17";
				CLANG_CXX_LIBRARY = "libc++";
				CLANG_ENABLE_MODULES = YES;
				CLANG_ENABLE_OBJC_ARC = YES;
				CLANG_ENABLE_OBJC_WEAK = YES;
				CLANG_WARN_BLOCK_CAPTURE_AUTORELEASING = YES;
				CLANG_WARN_BOOL_CONVERSION = YES;
				CLANG_WARN_COMMA = YES;
				CLANG_WARN_CONSTANT_CONVERSION = YES;
				CLANG_WARN_DEPRECATED_OBJC_IMPLEMENTATIONS = YES;
				CLANG_WARN_DIRECT_OBJC_ISA_USAGE = YES_ERROR;
				CLANG_WARN_DOCUMENTATION_COMMENTS = YES;
				CLANG_WARN_EMPTY_BODY = YES;
				CLANG_WARN_ENUM_CONVERSION = YES;
				CLANG_WARN_INFINITE_RECURSION = YES;
				CLANG_WARN_INT_CONVERSION = YES;
				CLANG_WARN_NON_LITERAL_NULL_CONVERSION = YES;
				CLANG_WARN_OBJC_IMPLICIT_RETAIN_SELF = YES;
				CLANG_WARN_OBJC_LITERAL_CONVERSION = YES;
				CLANG_WARN_OBJC_ROOT_CLASS = YES_ERROR;
				CLANG_WARN_QUOTED_INCLUDE_IN_FRAMEWORK_HEADER = YES;
				CLANG_WARN_RANGE_LOOP_ANALYSIS = YES;
				CLANG_WARN_STRICT_PROTOTYPES = YES;
				CLANG_WARN_SUSPICIOUS_MOVE = YES;
				CLANG_WARN_UNGUARDED_AVAILABILITY = YES_AGGRESSIVE;
				CLANG_WARN_UNREACHABLE_CODE = YES;
				CLANG_WARN__DUPLICATE_METHOD_MATCH = YES;
				COPY_PHASE_STRIP = NO;
				DEBUG_INFORMATION_FORMAT = "dwarf-with-dsym";
				ENABLE_NS_ASSERTIONS = NO;
				ENABLE_STRICT_OBJC_MSGSEND = YES;
				GCC_C_LANGUAGE_STANDARD = gnu11;
				GCC_NO_COMMON_BLOCKS = YES;
				GCC_WARN_64_TO_32_BIT_CONVERSION = YES;
				GCC_WARN_ABOUT_RETURN_TYPE = YES_ERROR;
				GCC_WARN_UNDECLARED_SELECTOR = YES;
				GCC_WARN_UNINITIALIZED_AUTOS = YES_AGGRESSIVE;
				GCC_WARN_UNUSED_FUNCTION = YES;
				GCC_WARN_UNUSED_VARIABLE = YES;
				IPHONEOS_DEPLOYMENT_TARGET = 15.2;
				MTL_ENABLE_DEBUG_INFO = NO;
				MTL_FAST_MATH = YES;
				SDKROOT = iphoneos;
				SWIFT_COMPILATION_MODE = wholemodule;
				SWIFT_OPTIMIZATION_LEVEL = "-O";
				VALIDATE_PRODUCT = YES;
			};
			name = Release;
		};
		F51B998927A5ADDF0008F18A /* Debug */ = {
			isa = XCBuildConfiguration;
			baseConfigurationReference = CF3EA28DAC3B0E65F4DD55D6 /* Pods-CurrencyCalc.debug.xcconfig */;
			buildSettings = {
				ASSETCATALOG_COMPILER_APPICON_NAME = AppIcon;
				ASSETCATALOG_COMPILER_GLOBAL_ACCENT_COLOR_NAME = AccentColor;
				CODE_SIGN_STYLE = Automatic;
				CURRENT_PROJECT_VERSION = 1;
				DEVELOPMENT_TEAM = 58F3PKV5W9;
				GENERATE_INFOPLIST_FILE = YES;
				INFOPLIST_FILE = "CurrencyCalc/Supporting Files/Info.plist";
				INFOPLIST_KEY_UIApplicationSupportsIndirectInputEvents = YES;
				INFOPLIST_KEY_UILaunchStoryboardName = LaunchScreen;
				INFOPLIST_KEY_UISupportedInterfaceOrientations = UIInterfaceOrientationPortrait;
				INFOPLIST_KEY_UISupportedInterfaceOrientations_iPad = "UIInterfaceOrientationPortrait UIInterfaceOrientationPortraitUpsideDown UIInterfaceOrientationLandscapeLeft UIInterfaceOrientationLandscapeRight";
				INFOPLIST_KEY_UISupportedInterfaceOrientations_iPhone = "UIInterfaceOrientationPortrait UIInterfaceOrientationLandscapeLeft UIInterfaceOrientationLandscapeRight";
				IPHONEOS_DEPLOYMENT_TARGET = 13.0;
				LD_RUNPATH_SEARCH_PATHS = (
					"$(inherited)",
					"@executable_path/Frameworks",
				);
				MARKETING_VERSION = 1.0;
				PRODUCT_BUNDLE_IDENTIFIER = com.bobermiha.CurrencyCalc;
				PRODUCT_NAME = "$(TARGET_NAME)";
				SWIFT_EMIT_LOC_STRINGS = YES;
				SWIFT_VERSION = 5.0;
				TARGETED_DEVICE_FAMILY = 1;
			};
			name = Debug;
		};
		F51B998A27A5ADDF0008F18A /* Release */ = {
			isa = XCBuildConfiguration;
			baseConfigurationReference = 0E0C8235253FDE47CE7A4DE9 /* Pods-CurrencyCalc.release.xcconfig */;
			buildSettings = {
				ASSETCATALOG_COMPILER_APPICON_NAME = AppIcon;
				ASSETCATALOG_COMPILER_GLOBAL_ACCENT_COLOR_NAME = AccentColor;
				CODE_SIGN_STYLE = Automatic;
				CURRENT_PROJECT_VERSION = 1;
				DEVELOPMENT_TEAM = 58F3PKV5W9;
				GENERATE_INFOPLIST_FILE = YES;
				INFOPLIST_FILE = "CurrencyCalc/Supporting Files/Info.plist";
				INFOPLIST_KEY_UIApplicationSupportsIndirectInputEvents = YES;
				INFOPLIST_KEY_UILaunchStoryboardName = LaunchScreen;
				INFOPLIST_KEY_UISupportedInterfaceOrientations = UIInterfaceOrientationPortrait;
				INFOPLIST_KEY_UISupportedInterfaceOrientations_iPad = "UIInterfaceOrientationPortrait UIInterfaceOrientationPortraitUpsideDown UIInterfaceOrientationLandscapeLeft UIInterfaceOrientationLandscapeRight";
				INFOPLIST_KEY_UISupportedInterfaceOrientations_iPhone = "UIInterfaceOrientationPortrait UIInterfaceOrientationLandscapeLeft UIInterfaceOrientationLandscapeRight";
				IPHONEOS_DEPLOYMENT_TARGET = 13.0;
				LD_RUNPATH_SEARCH_PATHS = (
					"$(inherited)",
					"@executable_path/Frameworks",
				);
				MARKETING_VERSION = 1.0;
				PRODUCT_BUNDLE_IDENTIFIER = com.bobermiha.CurrencyCalc;
				PRODUCT_NAME = "$(TARGET_NAME)";
				SWIFT_EMIT_LOC_STRINGS = YES;
				SWIFT_VERSION = 5.0;
				TARGETED_DEVICE_FAMILY = 1;
			};
			name = Release;
		};
/* End XCBuildConfiguration section */

/* Begin XCConfigurationList section */
		F51B996F27A5ADDD0008F18A /* Build configuration list for PBXProject "CurrencyCalc" */ = {
			isa = XCConfigurationList;
			buildConfigurations = (
				F51B998627A5ADDF0008F18A /* Debug */,
				F51B998727A5ADDF0008F18A /* Release */,
			);
			defaultConfigurationIsVisible = 0;
			defaultConfigurationName = Release;
		};
		F51B998827A5ADDF0008F18A /* Build configuration list for PBXNativeTarget "CurrencyCalc" */ = {
			isa = XCConfigurationList;
			buildConfigurations = (
				F51B998927A5ADDF0008F18A /* Debug */,
				F51B998A27A5ADDF0008F18A /* Release */,
			);
			defaultConfigurationIsVisible = 0;
			defaultConfigurationName = Release;
		};
/* End XCConfigurationList section */
	};
	rootObject = F51B996C27A5ADDD0008F18A /* Project object */;
}
